
Microsoft Visual Studio Solution File, Format Version 12.00
# Visual Studio 14
VisualStudioVersion = 14.0.25420.1
MinimumVisualStudioVersion = 10.0.40219.1
Project("{FAE04EC0-301F-11D3-BF4B-00C04F79EFBC}") = "CameraOverlay.Droid", "CameraOverlay\CameraOverlay.Droid\CameraOverlay.Droid.csproj", "{F611F250-886C-47D4-924D-7EAA0D539445}"
EndProject
Project("{FAE04EC0-301F-11D3-BF4B-00C04F79EFBC}") = "CameraOverlay.iOS", "CameraOverlay\CameraOverlay.iOS\CameraOverlay.iOS.csproj", "{1C98ACBF-ECEC-45AA-9528-8186EEC0AC32}"
EndProject
Project("{FAE04EC0-301F-11D3-BF4B-00C04F79EFBC}") = "CameraOverlay", "CameraOverlay\CameraOverlay\CameraOverlay.csproj", "{BC911AC1-D2A6-44C7-A467-7A1F79992101}"
EndProject
Global
	GlobalSection(SolutionConfigurationPlatforms) = preSolution
		Debug|Any CPU = Debug|Any CPU
		Debug|ARM = Debug|ARM
		Debug|iPhone = Debug|iPhone
		Debug|iPhoneSimulator = Debug|iPhoneSimulator
		Debug|x86 = Debug|x86
		Release|Any CPU = Release|Any CPU
		Release|ARM = Release|ARM
		Release|iPhone = Release|iPhone
		Release|iPhoneSimulator = Release|iPhoneSimulator
		Release|x86 = Release|x86
	EndGlobalSection
	GlobalSection(ProjectConfigurationPlatforms) = postSolution
		{F611F250-886C-47D4-924D-7EAA0D539445}.Debug|Any CPU.ActiveCfg = Debug|Any CPU
		{F611F250-886C-47D4-924D-7EAA0D539445}.Debug|Any CPU.Build.0 = Debug|Any CPU
		{F611F250-886C-47D4-924D-7EAA0D539445}.Debug|Any CPU.Deploy.0 = Debug|Any CPU
		{F611F250-886C-47D4-924D-7EAA0D539445}.Debug|ARM.ActiveCfg = Debug|Any CPU
		{F611F250-886C-47D4-924D-7EAA0D539445}.Debug|ARM.Build.0 = Debug|Any CPU
		{F611F250-886C-47D4-924D-7EAA0D539445}.Debug|ARM.Deploy.0 = Debug|Any CPU
		{F611F250-886C-47D4-924D-7EAA0D539445}.Debug|iPhone.ActiveCfg = Debug|Any CPU
		{F611F250-886C-47D4-924D-7EAA0D539445}.Debug|iPhone.Build.0 = Debug|Any CPU
		{F611F250-886C-47D4-924D-7EAA0D539445}.Debug|iPhone.Deploy.0 = Debug|Any CPU
		{F611F250-886C-47D4-924D-7EAA0D539445}.Debug|iPhoneSimulator.ActiveCfg = Debug|Any CPU
		{F611F250-886C-47D4-924D-7EAA0D539445}.Debug|iPhoneSimulator.Build.0 = Debug|Any CPU
		{F611F250-886C-47D4-924D-7EAA0D539445}.Debug|iPhoneSimulator.Deploy.0 = Debug|Any CPU
		{F611F250-886C-47D4-924D-7EAA0D539445}.Debug|x86.ActiveCfg = Debug|Any CPU
		{F611F250-886C-47D4-924D-7EAA0D539445}.Debug|x86.Build.0 = Debug|Any CPU
		{F611F250-886C-47D4-924D-7EAA0D539445}.Debug|x86.Deploy.0 = Debug|Any CPU
		{F611F250-886C-47D4-924D-7EAA0D539445}.Release|Any CPU.ActiveCfg = Release|Any CPU
		{F611F250-886C-47D4-924D-7EAA0D539445}.Release|Any CPU.Build.0 = Release|Any CPU
		{F611F250-886C-47D4-924D-7EAA0D539445}.Release|Any CPU.Deploy.0 = Release|Any CPU
		{F611F250-886C-47D4-924D-7EAA0D539445}.Release|ARM.ActiveCfg = Release|Any CPU
		{F611F250-886C-47D4-924D-7EAA0D539445}.Release|ARM.Build.0 = Release|Any CPU
		{F611F250-886C-47D4-924D-7EAA0D539445}.Release|ARM.Deploy.0 = Release|Any CPU
		{F611F250-886C-47D4-924D-7EAA0D539445}.Release|iPhone.ActiveCfg = Release|Any CPU
		{F611F250-886C-47D4-924D-7EAA0D539445}.Release|iPhone.Build.0 = Release|Any CPU
		{F611F250-886C-47D4-924D-7EAA0D539445}.Release|iPhone.Deploy.0 = Release|Any CPU
		{F611F250-886C-47D4-924D-7EAA0D539445}.Release|iPhoneSimulator.ActiveCfg = Release|Any CPU
		{F611F250-886C-47D4-924D-7EAA0D539445}.Release|iPhoneSimulator.Build.0 = Release|Any CPU
		{F611F250-886C-47D4-924D-7EAA0D539445}.Release|iPhoneSimulator.Deploy.0 = Release|Any CPU
		{F611F250-886C-47D4-924D-7EAA0D539445}.Release|x86.ActiveCfg = Release|Any CPU
		{F611F250-886C-47D4-924D-7EAA0D539445}.Release|x86.Build.0 = Release|Any CPU
		{F611F250-886C-47D4-924D-7EAA0D539445}.Release|x86.Deploy.0 = Release|Any CPU
		{1C98ACBF-ECEC-45AA-9528-8186EEC0AC32}.Debug|Any CPU.ActiveCfg = Debug|iPhone
		{1C98ACBF-ECEC-45AA-9528-8186EEC0AC32}.Debug|ARM.ActiveCfg = Debug|iPhone
		{1C98ACBF-ECEC-45AA-9528-8186EEC0AC32}.Debug|iPhone.ActiveCfg = Debug|iPhone
		{1C98ACBF-ECEC-45AA-9528-8186EEC0AC32}.Debug|iPhone.Build.0 = Debug|iPhone
		{1C98ACBF-ECEC-45AA-9528-8186EEC0AC32}.Debug|iPhoneSimulator.ActiveCfg = Debug|iPhoneSimulator
		{1C98ACBF-ECEC-45AA-9528-8186EEC0AC32}.Debug|iPhoneSimulator.Build.0 = Debug|iPhoneSimulator
		{1C98ACBF-ECEC-45AA-9528-8186EEC0AC32}.Debug|x86.ActiveCfg = Debug|iPhone
		{1C98ACBF-ECEC-45AA-9528-8186EEC0AC32}.Release|Any CPU.ActiveCfg = Release|iPhone
		{1C98ACBF-ECEC-45AA-9528-8186EEC0AC32}.Release|ARM.ActiveCfg = Release|iPhone
		{1C98ACBF-ECEC-45AA-9528-8186EEC0AC32}.Release|iPhone.ActiveCfg = Release|iPhone
		{1C98ACBF-ECEC-45AA-9528-8186EEC0AC32}.Release|iPhone.Build.0 = Release|iPhone
		{1C98ACBF-ECEC-45AA-9528-8186EEC0AC32}.Release|iPhoneSimulator.ActiveCfg = Release|iPhoneSimulator
		{1C98ACBF-ECEC-45AA-9528-8186EEC0AC32}.Release|iPhoneSimulator.Build.0 = Release|iPhoneSimulator
		{1C98ACBF-ECEC-45AA-9528-8186EEC0AC32}.Release|x86.ActiveCfg = Release|iPhone
		{BC911AC1-D2A6-44C7-A467-7A1F79992101}.Debug|Any CPU.ActiveCfg = Debug|Any CPU
		{BC911AC1-D2A6-44C7-A467-7A1F79992101}.Debug|Any CPU.Build.0 = Debug|Any CPU
		{BC911AC1-D2A6-44C7-A467-7A1F79992101}.Debug|ARM.ActiveCfg = Debug|Any CPU
		{BC911AC1-D2A6-44C7-A467-7A1F79992101}.Debug|ARM.Build.0 = Debug|Any CPU
		{BC911AC1-D2A6-44C7-A467-7A1F79992101}.Debug|iPhone.ActiveCfg = Debug|Any CPU
		{BC911AC1-D2A6-44C7-A467-7A1F79992101}.Debug|iPhone.Build.0 = Debug|Any CPU
		{BC911AC1-D2A6-44C7-A467-7A1F79992101}.Debug|iPhoneSimulator.ActiveCfg = Debug|Any CPU
		{BC911AC1-D2A6-44C7-A467-7A1F79992101}.Debug|iPhoneSimulator.Build.0 = Debug|Any CPU
		{BC911AC1-D2A6-44C7-A467-7A1F79992101}.Debug|x86.ActiveCfg = Debug|Any CPU
		{BC911AC1-D2A6-44C7-A467-7A1F79992101}.Debug|x86.Build.0 = Debug|Any CPU
		{BC911AC1-D2A6-44C7-A467-7A1F79992101}.Release|Any CPU.ActiveCfg = Release|Any CPU
		{BC911AC1-D2A6-44C7-A467-7A1F79992101}.Release|Any CPU.Build.0 = Release|Any CPU
		{BC911AC1-D2A6-44C7-A467-7A1F79992101}.Release|ARM.ActiveCfg = Release|Any CPU
		{BC911AC1-D2A6-44C7-A467-7A1F79992101}.Release|ARM.Build.0 = Release|Any CPU
		{BC911AC1-D2A6-44C7-A467-7A1F79992101}.Release|iPhone.ActiveCfg = Release|Any CPU
		{BC911AC1-D2A6-44C7-A467-7A1F79992101}.Release|iPhone.Build.0 = Release|Any CPU
		{BC911AC1-D2A6-44C7-A467-7A1F79992101}.Release|iPhoneSimulator.ActiveCfg = Release|Any CPU
		{BC911AC1-D2A6-44C7-A467-7A1F79992101}.Release|iPhoneSimulator.Build.0 = Release|Any CPU
		{BC911AC1-D2A6-44C7-A467-7A1F79992101}.Release|x86.ActiveCfg = Release|Any CPU
		{BC911AC1-D2A6-44C7-A467-7A1F79992101}.Release|x86.Build.0 = Release|Any CPU
	EndGlobalSection
	GlobalSection(SolutionProperties) = preSolution
		HideSolutionNode = FALSE
	EndGlobalSection
EndGlobal
